
Microsoft Visual Studio Solution File, Format Version 12.00
# Visual Studio 15
VisualStudioVersion = 15.0.28307.438
MinimumVisualStudioVersion = 10.0.40219.1
Project("{FAE04EC0-301F-11D3-BF4B-00C04F79EFBC}") = "Project.BusManager", "Project.BusManager\Project.BusManager.csproj", "{7EE86ABC-1F7C-473E-8292-67C2EA2F5E7B}"
EndProject
Global
	GlobalSection(SolutionConfigurationPlatforms) = preSolution
		Debug|Any CPU = Debug|Any CPU
		Release|Any CPU = Release|Any CPU
	EndGlobalSection
	GlobalSection(ProjectConfigurationPlatforms) = postSolution
		{7EE86ABC-1F7C-473E-8292-67C2EA2F5E7B}.Debug|Any CPU.ActiveCfg = Debug|Any CPU
		{7EE86ABC-1F7C-473E-8292-67C2EA2F5E7B}.Debug|Any CPU.Build.0 = Debug|Any CPU
		{7EE86ABC-1F7C-473E-8292-67C2EA2F5E7B}.Release|Any CPU.ActiveCfg = Release|Any CPU
		{7EE86ABC-1F7C-473E-8292-67C2EA2F5E7B}.Release|Any CPU.Build.0 = Release|Any CPU
	EndGlobalSection
	GlobalSection(SolutionProperties) = preSolution
		HideSolutionNode = FALSE
	EndGlobalSection
	GlobalSection(ExtensibilityGlobals) = postSolution
		SolutionGuid = {1E1D98D7-8134-4845-97BC-FA32333BD0DE}
	EndGlobalSection
EndGlobal
